
Microsoft Visual Studio Solution File, Format Version 12.00
# Visual Studio 15
VisualStudioVersion = 15.0.28307.168
MinimumVisualStudioVersion = 10.0.40219.1
Project("{8BC9CEB8-8B4A-11D0-8D11-00A0C91BC942}") = "sketch_march11a", "sketch_march11a.vcxproj", "{C5F80730-F44F-4478-BDAE-6634EFC2CA88}"
EndProject
Project("{8BC9CEB8-8B4A-11D0-8D11-00A0C91BC942}") = "sketch_march12a", "..\sketch_march12a\sketch_march12a.vcxproj", "{B313E192-9A60-4BFC-BCC2-E7D059CE7FAA}"
EndProject
Project("{8BC9CEB8-8B4A-11D0-8D11-00A0C91BC942}") = "sketch_march12b", "..\sketch_march12b\sketch_march12b.vcxproj", "{E29D1B41-16A1-4C45-8B1E-E931CA953645}"
EndProject
Global
	GlobalSection(SolutionConfigurationPlatforms) = preSolution
		Debug|x86 = Debug|x86
		Release|x86 = Release|x86
	EndGlobalSection
	GlobalSection(ProjectConfigurationPlatforms) = postSolution
		{C5F80730-F44F-4478-BDAE-6634EFC2CA88}.Debug|x86.ActiveCfg = Debug|Win32
		{C5F80730-F44F-4478-BDAE-6634EFC2CA88}.Debug|x86.Build.0 = Debug|Win32
		{C5F80730-F44F-4478-BDAE-6634EFC2CA88}.Release|x86.ActiveCfg = Release|Win32
		{C5F80730-F44F-4478-BDAE-6634EFC2CA88}.Release|x86.Build.0 = Release|Win32
		{B313E192-9A60-4BFC-BCC2-E7D059CE7FAA}.Debug|x86.ActiveCfg = Debug|Win32
		{B313E192-9A60-4BFC-BCC2-E7D059CE7FAA}.Debug|x86.Build.0 = Debug|Win32
		{B313E192-9A60-4BFC-BCC2-E7D059CE7FAA}.Release|x86.ActiveCfg = Release|Win32
		{B313E192-9A60-4BFC-BCC2-E7D059CE7FAA}.Release|x86.Build.0 = Release|Win32
		{E29D1B41-16A1-4C45-8B1E-E931CA953645}.Debug|x86.ActiveCfg = Debug|Win32
		{E29D1B41-16A1-4C45-8B1E-E931CA953645}.Debug|x86.Build.0 = Debug|Win32
		{E29D1B41-16A1-4C45-8B1E-E931CA953645}.Release|x86.ActiveCfg = Release|Win32
		{E29D1B41-16A1-4C45-8B1E-E931CA953645}.Release|x86.Build.0 = Release|Win32
	EndGlobalSection
	GlobalSection(SolutionProperties) = preSolution
		HideSolutionNode = FALSE
	EndGlobalSection
	GlobalSection(ExtensibilityGlobals) = postSolution
		SolutionGuid = {D54B97A3-99D7-470D-828C-1DE538C9BA66}
	EndGlobalSection
EndGlobal
